
Microsoft Visual Studio Solution File, Format Version 12.00
# Visual Studio 15
VisualStudioVersion = 15.0.27130.2026
MinimumVisualStudioVersion = 10.0.40219.1
Project("{FAE04EC0-301F-11D3-BF4B-00C04F79EFBC}") = "SimpleDnsCrypt", "SimpleDnsCrypt\SimpleDnsCrypt.csproj", "{3B555A42-C19F-405D-A983-6D3B95E65265}"
EndProject
Project("{FAE04EC0-301F-11D3-BF4B-00C04F79EFBC}") = "Uninstall", "Uninstall\Uninstall.csproj", "{1A9CA4FE-BDD5-4D7C-A86A-7ED503974718}"
EndProject
Global
	GlobalSection(SolutionConfigurationPlatforms) = preSolution
		Debug|x64 = Debug|x64
		Debug|x86 = Debug|x86
		Release|x64 = Release|x64
		Release|x86 = Release|x86
	EndGlobalSection
	GlobalSection(ProjectConfigurationPlatforms) = postSolution
		{3B555A42-C19F-405D-A983-6D3B95E65265}.Debug|x64.ActiveCfg = Debug|x64
		{3B555A42-C19F-405D-A983-6D3B95E65265}.Debug|x64.Build.0 = Debug|x64
		{3B555A42-C19F-405D-A983-6D3B95E65265}.Debug|x86.ActiveCfg = Debug|x86
		{3B555A42-C19F-405D-A983-6D3B95E65265}.Debug|x86.Build.0 = Debug|x86
		{3B555A42-C19F-405D-A983-6D3B95E65265}.Release|x64.ActiveCfg = Release|x64
		{3B555A42-C19F-405D-A983-6D3B95E65265}.Release|x64.Build.0 = Release|x64
		{3B555A42-C19F-405D-A983-6D3B95E65265}.Release|x86.ActiveCfg = Release|x86
		{3B555A42-C19F-405D-A983-6D3B95E65265}.Release|x86.Build.0 = Release|x86
		{1A9CA4FE-BDD5-4D7C-A86A-7ED503974718}.Debug|x64.ActiveCfg = Debug|x64
		{1A9CA4FE-BDD5-4D7C-A86A-7ED503974718}.Debug|x64.Build.0 = Debug|x64
		{1A9CA4FE-BDD5-4D7C-A86A-7ED503974718}.Debug|x86.ActiveCfg = Debug|x86
		{1A9CA4FE-BDD5-4D7C-A86A-7ED503974718}.Debug|x86.Build.0 = Debug|x86
		{1A9CA4FE-BDD5-4D7C-A86A-7ED503974718}.Release|x64.ActiveCfg = Release|x64
		{1A9CA4FE-BDD5-4D7C-A86A-7ED503974718}.Release|x64.Build.0 = Release|x64
		{1A9CA4FE-BDD5-4D7C-A86A-7ED503974718}.Release|x86.ActiveCfg = Release|x86
		{1A9CA4FE-BDD5-4D7C-A86A-7ED503974718}.Release|x86.Build.0 = Release|x86
	EndGlobalSection
	GlobalSection(SolutionProperties) = preSolution
		HideSolutionNode = FALSE
	EndGlobalSection
	GlobalSection(ExtensibilityGlobals) = postSolution
		SolutionGuid = {001A38DB-C5C4-459D-B91B-946FA300F63C}
	EndGlobalSection
EndGlobal
