
Microsoft Visual Studio Solution File, Format Version 12.00
# Visual Studio 14
VisualStudioVersion = 14.0.24720.0
MinimumVisualStudioVersion = 10.0.40219.1
Project("{FAE04EC0-301F-11D3-BF4B-00C04F79EFBC}") = "SimpleDnsCrypt", "SimpleDnsCrypt\SimpleDnsCrypt.csproj", "{E7F52FEB-433A-4FA3-8053-13C211FA0A8A}"
EndProject
Project("{2150E333-8FDC-42A3-9474-1A3956D46DE8}") = "Solution Items", "Solution Items", "{1DC86CD2-86D6-40F5-9A0C-233B565067B9}"
	ProjectSection(SolutionItems) = preProject
		Contributors.md = Contributors.md
		LICENSE.md = LICENSE.md
		README.md = README.md
		update.yml = update.yml
	EndProjectSection
EndProject
Project("{FAE04EC0-301F-11D3-BF4B-00C04F79EFBC}") = "Uninstall", "Uninstall\Uninstall.csproj", "{70BFF12B-996D-43F0-8529-CF8711699ACB}"
EndProject
Global
	GlobalSection(SolutionConfigurationPlatforms) = preSolution
		Debug|Any CPU = Debug|Any CPU
		Release|Any CPU = Release|Any CPU
	EndGlobalSection
	GlobalSection(ProjectConfigurationPlatforms) = postSolution
		{E7F52FEB-433A-4FA3-8053-13C211FA0A8A}.Debug|Any CPU.ActiveCfg = Debug|Any CPU
		{E7F52FEB-433A-4FA3-8053-13C211FA0A8A}.Debug|Any CPU.Build.0 = Debug|Any CPU
		{E7F52FEB-433A-4FA3-8053-13C211FA0A8A}.Release|Any CPU.ActiveCfg = Release|Any CPU
		{E7F52FEB-433A-4FA3-8053-13C211FA0A8A}.Release|Any CPU.Build.0 = Release|Any CPU
		{70BFF12B-996D-43F0-8529-CF8711699ACB}.Debug|Any CPU.ActiveCfg = Debug|Any CPU
		{70BFF12B-996D-43F0-8529-CF8711699ACB}.Debug|Any CPU.Build.0 = Debug|Any CPU
		{70BFF12B-996D-43F0-8529-CF8711699ACB}.Release|Any CPU.ActiveCfg = Release|Any CPU
		{70BFF12B-996D-43F0-8529-CF8711699ACB}.Release|Any CPU.Build.0 = Release|Any CPU
	EndGlobalSection
	GlobalSection(SolutionProperties) = preSolution
		HideSolutionNode = FALSE
	EndGlobalSection
EndGlobal
